{
  "object": {
    "pins": [
      {
        "package": "CSSH",
        "repositoryURL": "https://github.com/DimaRU/Libssh2Prebuild.git",
        "state": {
          "branch": "master",
          "revision": "3f8a255db9d3286ca3447c0f596746d60f25dff5",
          "version": null
        }
      }
    ]
  },
  "version": 1
}
